// !$*UTF8*$!
{
	archiveVersion = 1;
	classes = {
	};
	objectVersion = 50;
	objects = {

/* Begin PBXBuildFile section */
		03F85E55227F636B007EB30D /* AppDelegate.swift in Sources */ = {isa = PBXBuildFile; fileRef = 03F85E54227F636B007EB30D /* AppDelegate.swift */; };
		03F85E5C227F636D007EB30D /* Assets.xcassets in Resources */ = {isa = PBXBuildFile; fileRef = 03F85E5B227F636D007EB30D /* Assets.xcassets */; };
		03F85E5F227F636D007EB30D /* LaunchScreen.storyboard in Resources */ = {isa = PBXBuildFile; fileRef = 03F85E5D227F636D007EB30D /* LaunchScreen.storyboard */; };
		03F85E7F227F6469007EB30D /* MainDefaultRouter.swift in Sources */ = {isa = PBXBuildFile; fileRef = 03F85E6C227F6469007EB30D /* MainDefaultRouter.swift */; };
		03F85E80227F6469007EB30D /* MainAlbumList.storyboard in Resources */ = {isa = PBXBuildFile; fileRef = 03F85E6E227F6469007EB30D /* MainAlbumList.storyboard */; };
		03F85E81227F6469007EB30D /* MainDefaultInteractor.swift in Sources */ = {isa = PBXBuildFile; fileRef = 03F85E6F227F6469007EB30D /* MainDefaultInteractor.swift */; };
		03F85E85227F6469007EB30D /* MainDefaultViewController.swift in Sources */ = {isa = PBXBuildFile; fileRef = 03F85E75227F6469007EB30D /* MainDefaultViewController.swift */; };
		03F85E87227F6469007EB30D /* MainDefaultPresenter.swift in Sources */ = {isa = PBXBuildFile; fileRef = 03F85E77227F6469007EB30D /* MainDefaultPresenter.swift */; };
		03F85E89227F6469007EB30D /* MainViewProtocol.swift in Sources */ = {isa = PBXBuildFile; fileRef = 03F85E7B227F6469007EB30D /* MainViewProtocol.swift */; };
		03F85E8A227F6469007EB30D /* MainInteractorProtocol.swift in Sources */ = {isa = PBXBuildFile; fileRef = 03F85E7C227F6469007EB30D /* MainInteractorProtocol.swift */; };
		03F85E8B227F6469007EB30D /* MainRouterProtocol.swift in Sources */ = {isa = PBXBuildFile; fileRef = 03F85E7D227F6469007EB30D /* MainRouterProtocol.swift */; };
		03F85E8C227F6469007EB30D /* MainPresenterProtocol.swift in Sources */ = {isa = PBXBuildFile; fileRef = 03F85E7E227F6469007EB30D /* MainPresenterProtocol.swift */; };
		03F85E8E227F6685007EB30D /* AlbumItem.swift in Sources */ = {isa = PBXBuildFile; fileRef = 03F85E8D227F6685007EB30D /* AlbumItem.swift */; };
		03F85E93227F7B5A007EB30D /* HttpResponse.swift in Sources */ = {isa = PBXBuildFile; fileRef = 03F85E90227F7B5A007EB30D /* HttpResponse.swift */; };
		03F85E94227F7B5A007EB30D /* HttpClient.swift in Sources */ = {isa = PBXBuildFile; fileRef = 03F85E91227F7B5A007EB30D /* HttpClient.swift */; };
		03F85E95227F7B5A007EB30D /* HttpError.swift in Sources */ = {isa = PBXBuildFile; fileRef = 03F85E92227F7B5A007EB30D /* HttpError.swift */; };
		03F85E99227F7FD8007EB30D /* AlbumCardCollectionView.swift in Sources */ = {isa = PBXBuildFile; fileRef = 03F85E98227F7FD8007EB30D /* AlbumCardCollectionView.swift */; };
		03F85EAC227F8841007EB30D /* AlbumDetailDefaultRouter.swift in Sources */ = {isa = PBXBuildFile; fileRef = 03F85E9D227F8841007EB30D /* AlbumDetailDefaultRouter.swift */; };
		03F85EAD227F8841007EB30D /* MainAlbumDetail.storyboard in Resources */ = {isa = PBXBuildFile; fileRef = 03F85E9F227F8841007EB30D /* MainAlbumDetail.storyboard */; };
		03F85EAE227F8841007EB30D /* AlbumDetailDefaultInteractor.swift in Sources */ = {isa = PBXBuildFile; fileRef = 03F85EA0227F8841007EB30D /* AlbumDetailDefaultInteractor.swift */; };
		03F85EAF227F8841007EB30D /* AlbumDetailDefaultPresenter.swift in Sources */ = {isa = PBXBuildFile; fileRef = 03F85EA1227F8841007EB30D /* AlbumDetailDefaultPresenter.swift */; };
		03F85EB0227F8841007EB30D /* AlbumDetailDefaultViewController.swift in Sources */ = {isa = PBXBuildFile; fileRef = 03F85EA3227F8841007EB30D /* AlbumDetailDefaultViewController.swift */; };
		03F85EB2227F8841007EB30D /* PhotoItem.swift in Sources */ = {isa = PBXBuildFile; fileRef = 03F85EA6227F8841007EB30D /* PhotoItem.swift */; };
		03F85EB3227F8841007EB30D /* AlbumDetailInteractorProtocol.swift in Sources */ = {isa = PBXBuildFile; fileRef = 03F85EA8227F8841007EB30D /* AlbumDetailInteractorProtocol.swift */; };
		03F85EB4227F8841007EB30D /* AlbumDetailRouterProtocol.swift in Sources */ = {isa = PBXBuildFile; fileRef = 03F85EA9227F8841007EB30D /* AlbumDetailRouterProtocol.swift */; };
		03F85EB5227F8841007EB30D /* AlbumDetailViewProtocol.swift in Sources */ = {isa = PBXBuildFile; fileRef = 03F85EAA227F8841007EB30D /* AlbumDetailViewProtocol.swift */; };
		03F85EB6227F8841007EB30D /* AlbumDetailPresenterProtocol.swift in Sources */ = {isa = PBXBuildFile; fileRef = 03F85EAB227F8841007EB30D /* AlbumDetailPresenterProtocol.swift */; };
		03F85EB8227F9C8F007EB30D /* PhotoCollectionViewCell.swift in Sources */ = {isa = PBXBuildFile; fileRef = 03F85EB7227F9C8F007EB30D /* PhotoCollectionViewCell.swift */; };
		03F85ED5227FAD93007EB30D /* PhotoDetailDefaultRouter.swift in Sources */ = {isa = PBXBuildFile; fileRef = 03F85ECA227FAD93007EB30D /* PhotoDetailDefaultRouter.swift */; };
		03F85ED6227FAD93007EB30D /* PhotoDetailDefaultInteractor.swift in Sources */ = {isa = PBXBuildFile; fileRef = 03F85ECC227FAD93007EB30D /* PhotoDetailDefaultInteractor.swift */; };
		03F85ED7227FAD93007EB30D /* PhotoDetailDefaultPresenter.swift in Sources */ = {isa = PBXBuildFile; fileRef = 03F85ECD227FAD93007EB30D /* PhotoDetailDefaultPresenter.swift */; };
		03F85ED8227FAD93007EB30D /* PhotoDetailDefaultViewController.swift in Sources */ = {isa = PBXBuildFile; fileRef = 03F85ECF227FAD93007EB30D /* PhotoDetailDefaultViewController.swift */; };
		03F85ED9227FAD93007EB30D /* PhotoDetailPresenterProtocol.swift in Sources */ = {isa = PBXBuildFile; fileRef = 03F85ED1227FAD93007EB30D /* PhotoDetailPresenterProtocol.swift */; };
		03F85EDA227FAD93007EB30D /* PhotoDetailViewProtocol.swift in Sources */ = {isa = PBXBuildFile; fileRef = 03F85ED2227FAD93007EB30D /* PhotoDetailViewProtocol.swift */; };
		03F85EDB227FAD93007EB30D /* PhotoDetailInteractorProtocol.swift in Sources */ = {isa = PBXBuildFile; fileRef = 03F85ED3227FAD93007EB30D /* PhotoDetailInteractorProtocol.swift */; };
		03F85EDC227FAD93007EB30D /* PhotoDetailRouterProtocol.swift in Sources */ = {isa = PBXBuildFile; fileRef = 03F85ED4227FAD93007EB30D /* PhotoDetailRouterProtocol.swift */; };
		03F85EDE227FAE08007EB30D /* MainPhotoDetail.storyboard in Resources */ = {isa = PBXBuildFile; fileRef = 03F85EDD227FAE08007EB30D /* MainPhotoDetail.storyboard */; };
		8C33DF6B7C10ED9D37DCC938 /* Pods_iOSAlbumList.framework in Frameworks */ = {isa = PBXBuildFile; fileRef = 4777A1B504D2AABA23A78F3F /* Pods_iOSAlbumList.framework */; };
/* End PBXBuildFile section */

/* Begin PBXFileReference section */
		03F85E51227F636B007EB30D /* iOSAlbumList.app */ = {isa = PBXFileReference; explicitFileType = wrapper.application; includeInIndex = 0; path = iOSAlbumList.app; sourceTree = BUILT_PRODUCTS_DIR; };
		03F85E54227F636B007EB30D /* AppDelegate.swift */ = {isa = PBXFileReference; lastKnownFileType = sourcecode.swift; path = AppDelegate.swift; sourceTree = "<group>"; };
		03F85E5B227F636D007EB30D /* Assets.xcassets */ = {isa = PBXFileReference; lastKnownFileType = folder.assetcatalog; path = Assets.xcassets; sourceTree = "<group>"; };
		03F85E5E227F636D007EB30D /* Base */ = {isa = PBXFileReference; lastKnownFileType = file.storyboard; name = Base; path = Base.lproj/LaunchScreen.storyboard; sourceTree = "<group>"; };
		03F85E60227F636D007EB30D /* Info.plist */ = {isa = PBXFileReference; lastKnownFileType = text.plist.xml; path = Info.plist; sourceTree = "<group>"; };
		03F85E6C227F6469007EB30D /* MainDefaultRouter.swift */ = {isa = PBXFileReference; fileEncoding = 4; lastKnownFileType = sourcecode.swift; path = MainDefaultRouter.swift; sourceTree = "<group>"; };
		03F85E6E227F6469007EB30D /* MainAlbumList.storyboard */ = {isa = PBXFileReference; fileEncoding = 4; lastKnownFileType = file.storyboard; path = MainAlbumList.storyboard; sourceTree = "<group>"; };
		03F85E6F227F6469007EB30D /* MainDefaultInteractor.swift */ = {isa = PBXFileReference; fileEncoding = 4; lastKnownFileType = sourcecode.swift; path = MainDefaultInteractor.swift; sourceTree = "<group>"; };
		03F85E75227F6469007EB30D /* MainDefaultViewController.swift */ = {isa = PBXFileReference; fileEncoding = 4; lastKnownFileType = sourcecode.swift; path = MainDefaultViewController.swift; sourceTree = "<group>"; };
		03F85E77227F6469007EB30D /* MainDefaultPresenter.swift */ = {isa = PBXFileReference; fileEncoding = 4; lastKnownFileType = sourcecode.swift; path = MainDefaultPresenter.swift; sourceTree = "<group>"; };
		03F85E7B227F6469007EB30D /* MainViewProtocol.swift */ = {isa = PBXFileReference; fileEncoding = 4; lastKnownFileType = sourcecode.swift; path = MainViewProtocol.swift; sourceTree = "<group>"; };
		03F85E7C227F6469007EB30D /* MainInteractorProtocol.swift */ = {isa = PBXFileReference; fileEncoding = 4; lastKnownFileType = sourcecode.swift; path = MainInteractorProtocol.swift; sourceTree = "<group>"; };
		03F85E7D227F6469007EB30D /* MainRouterProtocol.swift */ = {isa = PBXFileReference; fileEncoding = 4; lastKnownFileType = sourcecode.swift; path = MainRouterProtocol.swift; sourceTree = "<group>"; };
		03F85E7E227F6469007EB30D /* MainPresenterProtocol.swift */ = {isa = PBXFileReference; fileEncoding = 4; lastKnownFileType = sourcecode.swift; path = MainPresenterProtocol.swift; sourceTree = "<group>"; };
		03F85E8D227F6685007EB30D /* AlbumItem.swift */ = {isa = PBXFileReference; lastKnownFileType = sourcecode.swift; path = AlbumItem.swift; sourceTree = "<group>"; };
		03F85E90227F7B5A007EB30D /* HttpResponse.swift */ = {isa = PBXFileReference; fileEncoding = 4; lastKnownFileType = sourcecode.swift; path = HttpResponse.swift; sourceTree = "<group>"; };
		03F85E91227F7B5A007EB30D /* HttpClient.swift */ = {isa = PBXFileReference; fileEncoding = 4; lastKnownFileType = sourcecode.swift; path = HttpClient.swift; sourceTree = "<group>"; };
		03F85E92227F7B5A007EB30D /* HttpError.swift */ = {isa = PBXFileReference; fileEncoding = 4; lastKnownFileType = sourcecode.swift; path = HttpError.swift; sourceTree = "<group>"; };
		03F85E98227F7FD8007EB30D /* AlbumCardCollectionView.swift */ = {isa = PBXFileReference; fileEncoding = 4; lastKnownFileType = sourcecode.swift; path = AlbumCardCollectionView.swift; sourceTree = "<group>"; };
		03F85E9D227F8841007EB30D /* AlbumDetailDefaultRouter.swift */ = {isa = PBXFileReference; fileEncoding = 4; lastKnownFileType = sourcecode.swift; path = AlbumDetailDefaultRouter.swift; sourceTree = "<group>"; };
		03F85E9F227F8841007EB30D /* MainAlbumDetail.storyboard */ = {isa = PBXFileReference; fileEncoding = 4; lastKnownFileType = file.storyboard; path = MainAlbumDetail.storyboard; sourceTree = "<group>"; };
		03F85EA0227F8841007EB30D /* AlbumDetailDefaultInteractor.swift */ = {isa = PBXFileReference; fileEncoding = 4; lastKnownFileType = sourcecode.swift; path = AlbumDetailDefaultInteractor.swift; sourceTree = "<group>"; };
		03F85EA1227F8841007EB30D /* AlbumDetailDefaultPresenter.swift */ = {isa = PBXFileReference; fileEncoding = 4; lastKnownFileType = sourcecode.swift; path = AlbumDetailDefaultPresenter.swift; sourceTree = "<group>"; };
		03F85EA3227F8841007EB30D /* AlbumDetailDefaultViewController.swift */ = {isa = PBXFileReference; fileEncoding = 4; lastKnownFileType = sourcecode.swift; path = AlbumDetailDefaultViewController.swift; sourceTree = "<group>"; };
		03F85EA6227F8841007EB30D /* PhotoItem.swift */ = {isa = PBXFileReference; fileEncoding = 4; lastKnownFileType = sourcecode.swift; path = PhotoItem.swift; sourceTree = "<group>"; };
		03F85EA8227F8841007EB30D /* AlbumDetailInteractorProtocol.swift */ = {isa = PBXFileReference; fileEncoding = 4; lastKnownFileType = sourcecode.swift; path = AlbumDetailInteractorProtocol.swift; sourceTree = "<group>"; };
		03F85EA9227F8841007EB30D /* AlbumDetailRouterProtocol.swift */ = {isa = PBXFileReference; fileEncoding = 4; lastKnownFileType = sourcecode.swift; path = AlbumDetailRouterProtocol.swift; sourceTree = "<group>"; };
		03F85EAA227F8841007EB30D /* AlbumDetailViewProtocol.swift */ = {isa = PBXFileReference; fileEncoding = 4; lastKnownFileType = sourcecode.swift; path = AlbumDetailViewProtocol.swift; sourceTree = "<group>"; };
		03F85EAB227F8841007EB30D /* AlbumDetailPresenterProtocol.swift */ = {isa = PBXFileReference; fileEncoding = 4; lastKnownFileType = sourcecode.swift; path = AlbumDetailPresenterProtocol.swift; sourceTree = "<group>"; };
		03F85EB7227F9C8F007EB30D /* PhotoCollectionViewCell.swift */ = {isa = PBXFileReference; lastKnownFileType = sourcecode.swift; path = PhotoCollectionViewCell.swift; sourceTree = "<group>"; };
		03F85ECA227FAD93007EB30D /* PhotoDetailDefaultRouter.swift */ = {isa = PBXFileReference; fileEncoding = 4; lastKnownFileType = sourcecode.swift; path = PhotoDetailDefaultRouter.swift; sourceTree = "<group>"; };
		03F85ECC227FAD93007EB30D /* PhotoDetailDefaultInteractor.swift */ = {isa = PBXFileReference; fileEncoding = 4; lastKnownFileType = sourcecode.swift; path = PhotoDetailDefaultInteractor.swift; sourceTree = "<group>"; };
		03F85ECD227FAD93007EB30D /* PhotoDetailDefaultPresenter.swift */ = {isa = PBXFileReference; fileEncoding = 4; lastKnownFileType = sourcecode.swift; path = PhotoDetailDefaultPresenter.swift; sourceTree = "<group>"; };
		03F85ECF227FAD93007EB30D /* PhotoDetailDefaultViewController.swift */ = {isa = PBXFileReference; fileEncoding = 4; lastKnownFileType = sourcecode.swift; path = PhotoDetailDefaultViewController.swift; sourceTree = "<group>"; };
		03F85ED1227FAD93007EB30D /* PhotoDetailPresenterProtocol.swift */ = {isa = PBXFileReference; fileEncoding = 4; lastKnownFileType = sourcecode.swift; path = PhotoDetailPresenterProtocol.swift; sourceTree = "<group>"; };
		03F85ED2227FAD93007EB30D /* PhotoDetailViewProtocol.swift */ = {isa = PBXFileReference; fileEncoding = 4; lastKnownFileType = sourcecode.swift; path = PhotoDetailViewProtocol.swift; sourceTree = "<group>"; };
		03F85ED3227FAD93007EB30D /* PhotoDetailInteractorProtocol.swift */ = {isa = PBXFileReference; fileEncoding = 4; lastKnownFileType = sourcecode.swift; path = PhotoDetailInteractorProtocol.swift; sourceTree = "<group>"; };
		03F85ED4227FAD93007EB30D /* PhotoDetailRouterProtocol.swift */ = {isa = PBXFileReference; fileEncoding = 4; lastKnownFileType = sourcecode.swift; path = PhotoDetailRouterProtocol.swift; sourceTree = "<group>"; };
		03F85EDD227FAE08007EB30D /* MainPhotoDetail.storyboard */ = {isa = PBXFileReference; fileEncoding = 4; lastKnownFileType = file.storyboard; path = MainPhotoDetail.storyboard; sourceTree = "<group>"; };
		3FAA655DE362DC6337511742 /* Pods-iOSAlbumList.release.xcconfig */ = {isa = PBXFileReference; includeInIndex = 1; lastKnownFileType = text.xcconfig; name = "Pods-iOSAlbumList.release.xcconfig"; path = "Target Support Files/Pods-iOSAlbumList/Pods-iOSAlbumList.release.xcconfig"; sourceTree = "<group>"; };
		4777A1B504D2AABA23A78F3F /* Pods_iOSAlbumList.framework */ = {isa = PBXFileReference; explicitFileType = wrapper.framework; includeInIndex = 0; path = Pods_iOSAlbumList.framework; sourceTree = BUILT_PRODUCTS_DIR; };
		7BE70601C74595C971C0AA81 /* Pods-iOSAlbumList.debug.xcconfig */ = {isa = PBXFileReference; includeInIndex = 1; lastKnownFileType = text.xcconfig; name = "Pods-iOSAlbumList.debug.xcconfig"; path = "Target Support Files/Pods-iOSAlbumList/Pods-iOSAlbumList.debug.xcconfig"; sourceTree = "<group>"; };
/* End PBXFileReference section */

/* Begin PBXFrameworksBuildPhase section */
		03F85E4E227F636B007EB30D /* Frameworks */ = {
			isa = PBXFrameworksBuildPhase;
			buildActionMask = 2147483647;
			files = (
				8C33DF6B7C10ED9D37DCC938 /* Pods_iOSAlbumList.framework in Frameworks */,
			);
			runOnlyForDeploymentPostprocessing = 0;
		};
/* End PBXFrameworksBuildPhase section */

/* Begin PBXGroup section */
		03F85E48227F636B007EB30D = {
			isa = PBXGroup;
			children = (
				03F85E53227F636B007EB30D /* iOSAlbumList */,
				03F85E52227F636B007EB30D /* Products */,
				81ADBC0B72F598DA3CEE5159 /* Pods */,
				9506795DE0C7203D757338AD /* Frameworks */,
			);
			sourceTree = "<group>";
		};
		03F85E52227F636B007EB30D /* Products */ = {
			isa = PBXGroup;
			children = (
				03F85E51227F636B007EB30D /* iOSAlbumList.app */,
			);
			name = Products;
			sourceTree = "<group>";
		};
		03F85E53227F636B007EB30D /* iOSAlbumList */ = {
			isa = PBXGroup;
			children = (
				03F85E67227F641E007EB30D /* Global Assets */,
				03F85E66227F6413007EB30D /* Sources */,
				03F85E60227F636D007EB30D /* Info.plist */,
			);
			path = iOSAlbumList;
			sourceTree = "<group>";
		};
		03F85E66227F6413007EB30D /* Sources */ = {
			isa = PBXGroup;
			children = (
				03F85E68227F6454007EB30D /* Modules */,
				03F85E54227F636B007EB30D /* AppDelegate.swift */,
			);
			path = Sources;
			sourceTree = "<group>";
		};
		03F85E67227F641E007EB30D /* Global Assets */ = {
			isa = PBXGroup;
			children = (
				03F85E5B227F636D007EB30D /* Assets.xcassets */,
				03F85E5D227F636D007EB30D /* LaunchScreen.storyboard */,
			);
			path = "Global Assets";
			sourceTree = "<group>";
		};
		03F85E68227F6454007EB30D /* Modules */ = {
			isa = PBXGroup;
			children = (
				03F85EC7227FAD93007EB30D /* Photo Detail */,
				03F85E9A227F8841007EB30D /* Album Detail */,
				03F85E69227F6469007EB30D /* Main */,
			);
			path = Modules;
			sourceTree = "<group>";
		};
		03F85E69227F6469007EB30D /* Main */ = {
			isa = PBXGroup;
			children = (
				03F85E7A227F6469007EB30D /* Protocols */,
				03F85E6A227F6469007EB30D /* Implementations */,
			);
			path = Main;
			sourceTree = "<group>";
		};
		03F85E6A227F6469007EB30D /* Implementations */ = {
			isa = PBXGroup;
			children = (
				03F85E6B227F6469007EB30D /* Default */,
			);
			path = Implementations;
			sourceTree = "<group>";
		};
		03F85E6B227F6469007EB30D /* Default */ = {
			isa = PBXGroup;
			children = (
				03F85E8F227F7B5A007EB30D /* Network Layer */,
				03F85E6D227F6469007EB30D /* Resources */,
				03F85E74227F6469007EB30D /* View */,
				03F85E6C227F6469007EB30D /* MainDefaultRouter.swift */,
				03F85E6F227F6469007EB30D /* MainDefaultInteractor.swift */,
				03F85E77227F6469007EB30D /* MainDefaultPresenter.swift */,
				03F85E78227F6469007EB30D /* Entities */,
			);
			path = Default;
			sourceTree = "<group>";
		};
		03F85E6D227F6469007EB30D /* Resources */ = {
			isa = PBXGroup;
			children = (
				03F85E6E227F6469007EB30D /* MainAlbumList.storyboard */,
			);
			path = Resources;
			sourceTree = "<group>";
		};
		03F85E74227F6469007EB30D /* View */ = {
			isa = PBXGroup;
			children = (
				03F85E98227F7FD8007EB30D /* AlbumCardCollectionView.swift */,
				03F85E75227F6469007EB30D /* MainDefaultViewController.swift */,
			);
			path = View;
			sourceTree = "<group>";
		};
		03F85E78227F6469007EB30D /* Entities */ = {
			isa = PBXGroup;
			children = (
				03F85E8D227F6685007EB30D /* AlbumItem.swift */,
			);
			path = Entities;
			sourceTree = "<group>";
		};
		03F85E7A227F6469007EB30D /* Protocols */ = {
			isa = PBXGroup;
			children = (
				03F85E7B227F6469007EB30D /* MainViewProtocol.swift */,
				03F85E7E227F6469007EB30D /* MainPresenterProtocol.swift */,
				03F85E7C227F6469007EB30D /* MainInteractorProtocol.swift */,
				03F85E7D227F6469007EB30D /* MainRouterProtocol.swift */,
			);
			path = Protocols;
			sourceTree = "<group>";
		};
		03F85E8F227F7B5A007EB30D /* Network Layer */ = {
			isa = PBXGroup;
			children = (
				03F85E90227F7B5A007EB30D /* HttpResponse.swift */,
				03F85E91227F7B5A007EB30D /* HttpClient.swift */,
				03F85E92227F7B5A007EB30D /* HttpError.swift */,
			);
			path = "Network Layer";
			sourceTree = "<group>";
		};
		03F85E9A227F8841007EB30D /* Album Detail */ = {
			isa = PBXGroup;
			children = (
				03F85EA7227F8841007EB30D /* Protocols */,
				03F85E9B227F8841007EB30D /* Implementations */,
			);
			path = "Album Detail";
			sourceTree = "<group>";
		};
		03F85E9B227F8841007EB30D /* Implementations */ = {
			isa = PBXGroup;
			children = (
				03F85E9C227F8841007EB30D /* Default */,
			);
			path = Implementations;
			sourceTree = "<group>";
		};
		03F85E9C227F8841007EB30D /* Default */ = {
			isa = PBXGroup;
			children = (
				03F85E9E227F8841007EB30D /* Resources */,
				03F85E9D227F8841007EB30D /* AlbumDetailDefaultRouter.swift */,
				03F85EA0227F8841007EB30D /* AlbumDetailDefaultInteractor.swift */,
				03F85EA1227F8841007EB30D /* AlbumDetailDefaultPresenter.swift */,
				03F85EA2227F8841007EB30D /* View */,
				03F85EA5227F8841007EB30D /* Entities */,
			);
			path = Default;
			sourceTree = "<group>";
		};
		03F85E9E227F8841007EB30D /* Resources */ = {
			isa = PBXGroup;
			children = (
				03F85E9F227F8841007EB30D /* MainAlbumDetail.storyboard */,
			);
			path = Resources;
			sourceTree = "<group>";
		};
		03F85EA2227F8841007EB30D /* View */ = {
			isa = PBXGroup;
			children = (
				03F85EA3227F8841007EB30D /* AlbumDetailDefaultViewController.swift */,
				03F85EB7227F9C8F007EB30D /* PhotoCollectionViewCell.swift */,
			);
			path = View;
			sourceTree = "<group>";
		};
		03F85EA5227F8841007EB30D /* Entities */ = {
			isa = PBXGroup;
			children = (
				03F85EA6227F8841007EB30D /* PhotoItem.swift */,
			);
			path = Entities;
			sourceTree = "<group>";
		};
		03F85EA7227F8841007EB30D /* Protocols */ = {
			isa = PBXGroup;
			children = (
				03F85EAA227F8841007EB30D /* AlbumDetailViewProtocol.swift */,
				03F85EAB227F8841007EB30D /* AlbumDetailPresenterProtocol.swift */,
				03F85EA8227F8841007EB30D /* AlbumDetailInteractorProtocol.swift */,
				03F85EA9227F8841007EB30D /* AlbumDetailRouterProtocol.swift */,
			);
			path = Protocols;
			sourceTree = "<group>";
		};
		03F85EC7227FAD93007EB30D /* Photo Detail */ = {
			isa = PBXGroup;
			children = (
				03F85EC8227FAD93007EB30D /* Implementations */,
				03F85ED0227FAD93007EB30D /* Interfaces */,
			);
			path = "Photo Detail";
			sourceTree = "<group>";
		};
		03F85EC8227FAD93007EB30D /* Implementations */ = {
			isa = PBXGroup;
			children = (
				03F85EC9227FAD93007EB30D /* Default */,
			);
			path = Implementations;
			sourceTree = "<group>";
		};
		03F85EC9227FAD93007EB30D /* Default */ = {
			isa = PBXGroup;
			children = (
				03F85ECA227FAD93007EB30D /* PhotoDetailDefaultRouter.swift */,
				03F85ECB227FAD93007EB30D /* Resources */,
				03F85ECC227FAD93007EB30D /* PhotoDetailDefaultInteractor.swift */,
				03F85ECD227FAD93007EB30D /* PhotoDetailDefaultPresenter.swift */,
				03F85ECE227FAD93007EB30D /* View */,
			);
			path = Default;
			sourceTree = "<group>";
		};
		03F85ECB227FAD93007EB30D /* Resources */ = {
			isa = PBXGroup;
			children = (
				03F85EDD227FAE08007EB30D /* MainPhotoDetail.storyboard */,
			);
			path = Resources;
			sourceTree = "<group>";
		};
		03F85ECE227FAD93007EB30D /* View */ = {
			isa = PBXGroup;
			children = (
				03F85ECF227FAD93007EB30D /* PhotoDetailDefaultViewController.swift */,
			);
			path = View;
			sourceTree = "<group>";
		};
		03F85ED0227FAD93007EB30D /* Interfaces */ = {
			isa = PBXGroup;
			children = (
				03F85ED1227FAD93007EB30D /* PhotoDetailPresenterProtocol.swift */,
				03F85ED2227FAD93007EB30D /* PhotoDetailViewProtocol.swift */,
				03F85ED3227FAD93007EB30D /* PhotoDetailInteractorProtocol.swift */,
				03F85ED4227FAD93007EB30D /* PhotoDetailRouterProtocol.swift */,
			);
			path = Interfaces;
			sourceTree = "<group>";
		};
		81ADBC0B72F598DA3CEE5159 /* Pods */ = {
			isa = PBXGroup;
			children = (
				7BE70601C74595C971C0AA81 /* Pods-iOSAlbumList.debug.xcconfig */,
				3FAA655DE362DC6337511742 /* Pods-iOSAlbumList.release.xcconfig */,
			);
			path = Pods;
			sourceTree = "<group>";
		};
		9506795DE0C7203D757338AD /* Frameworks */ = {
			isa = PBXGroup;
			children = (
				4777A1B504D2AABA23A78F3F /* Pods_iOSAlbumList.framework */,
			);
			name = Frameworks;
			sourceTree = "<group>";
		};
/* End PBXGroup section */

/* Begin PBXNativeTarget section */
		03F85E50227F636B007EB30D /* iOSAlbumList */ = {
			isa = PBXNativeTarget;
			buildConfigurationList = 03F85E63227F636D007EB30D /* Build configuration list for PBXNativeTarget "iOSAlbumList" */;
			buildPhases = (
				5972EE3E7FE3135AE346BF1B /* [CP] Check Pods Manifest.lock */,
				03F85E4D227F636B007EB30D /* Sources */,
				03F85E4E227F636B007EB30D /* Frameworks */,
				03F85E4F227F636B007EB30D /* Resources */,
				2E7465D73EB5B33834D12F90 /* [CP] Embed Pods Frameworks */,
			);
			buildRules = (
			);
			dependencies = (
			);
			name = iOSAlbumList;
			productName = iOSAlbumList;
			productReference = 03F85E51227F636B007EB30D /* iOSAlbumList.app */;
			productType = "com.apple.product-type.application";
		};
/* End PBXNativeTarget section */

/* Begin PBXProject section */
		03F85E49227F636B007EB30D /* Project object */ = {
			isa = PBXProject;
			attributes = {
				LastSwiftUpdateCheck = 1020;
				LastUpgradeCheck = 1020;
				ORGANIZATIONNAME = "David Duarte";
				TargetAttributes = {
					03F85E50227F636B007EB30D = {
						CreatedOnToolsVersion = 10.2.1;
					};
				};
			};
			buildConfigurationList = 03F85E4C227F636B007EB30D /* Build configuration list for PBXProject "iOSAlbumList" */;
			compatibilityVersion = "Xcode 9.3";
			developmentRegion = en;
			hasScannedForEncodings = 0;
			knownRegions = (
				en,
				Base,
			);
			mainGroup = 03F85E48227F636B007EB30D;
			productRefGroup = 03F85E52227F636B007EB30D /* Products */;
			projectDirPath = "";
			projectRoot = "";
			targets = (
				03F85E50227F636B007EB30D /* iOSAlbumList */,
			);
		};
/* End PBXProject section */

/* Begin PBXResourcesBuildPhase section */
		03F85E4F227F636B007EB30D /* Resources */ = {
			isa = PBXResourcesBuildPhase;
			buildActionMask = 2147483647;
			files = (
				03F85E80227F6469007EB30D /* MainAlbumList.storyboard in Resources */,
				03F85E5F227F636D007EB30D /* LaunchScreen.storyboard in Resources */,
				03F85EAD227F8841007EB30D /* MainAlbumDetail.storyboard in Resources */,
				03F85E5C227F636D007EB30D /* Assets.xcassets in Resources */,
				03F85EDE227FAE08007EB30D /* MainPhotoDetail.storyboard in Resources */,
			);
			runOnlyForDeploymentPostprocessing = 0;
		};
/* End PBXResourcesBuildPhase section */

/* Begin PBXShellScriptBuildPhase section */
		2E7465D73EB5B33834D12F90 /* [CP] Embed Pods Frameworks */ = {
			isa = PBXShellScriptBuildPhase;
			buildActionMask = 2147483647;
			files = (
			);
			inputFileListPaths = (
			);
			inputPaths = (
				"${PODS_ROOT}/Target Support Files/Pods-iOSAlbumList/Pods-iOSAlbumList-frameworks.sh",
				"${BUILT_PRODUCTS_DIR}/Alamofire/Alamofire.framework",
				"${BUILT_PRODUCTS_DIR}/RxAtomic/RxAtomic.framework",
				"${BUILT_PRODUCTS_DIR}/RxSwift/RxSwift.framework",
			);
			name = "[CP] Embed Pods Frameworks";
			outputFileListPaths = (
			);
			outputPaths = (
				"${TARGET_BUILD_DIR}/${FRAMEWORKS_FOLDER_PATH}/Alamofire.framework",
				"${TARGET_BUILD_DIR}/${FRAMEWORKS_FOLDER_PATH}/RxAtomic.framework",
				"${TARGET_BUILD_DIR}/${FRAMEWORKS_FOLDER_PATH}/RxSwift.framework",
			);
			runOnlyForDeploymentPostprocessing = 0;
			shellPath = /bin/sh;
			shellScript = "\"${PODS_ROOT}/Target Support Files/Pods-iOSAlbumList/Pods-iOSAlbumList-frameworks.sh\"\n";
			showEnvVarsInLog = 0;
		};
		5972EE3E7FE3135AE346BF1B /* [CP] Check Pods Manifest.lock */ = {
			isa = PBXShellScriptBuildPhase;
			buildActionMask = 2147483647;
			files = (
			);
			inputFileListPaths = (
			);
			inputPaths = (
				"${PODS_PODFILE_DIR_PATH}/Podfile.lock",
				"${PODS_ROOT}/Manifest.lock",
			);
			name = "[CP] Check Pods Manifest.lock";
			outputFileListPaths = (
			);
			outputPaths = (
				"$(DERIVED_FILE_DIR)/Pods-iOSAlbumList-checkManifestLockResult.txt",
			);
			runOnlyForDeploymentPostprocessing = 0;
			shellPath = /bin/sh;
			shellScript = "diff \"${PODS_PODFILE_DIR_PATH}/Podfile.lock\" \"${PODS_ROOT}/Manifest.lock\" > /dev/null\nif [ $? != 0 ] ; then\n    # print error to STDERR\n    echo \"error: The sandbox is not in sync with the Podfile.lock. Run 'pod install' or update your CocoaPods installation.\" >&2\n    exit 1\nfi\n# This output is used by Xcode 'outputs' to avoid re-running this script phase.\necho \"SUCCESS\" > \"${SCRIPT_OUTPUT_FILE_0}\"\n";
			showEnvVarsInLog = 0;
		};
/* End PBXShellScriptBuildPhase section */

/* Begin PBXSourcesBuildPhase section */
		03F85E4D227F636B007EB30D /* Sources */ = {
			isa = PBXSourcesBuildPhase;
			buildActionMask = 2147483647;
			files = (
				03F85ED6227FAD93007EB30D /* PhotoDetailDefaultInteractor.swift in Sources */,
				03F85ED5227FAD93007EB30D /* PhotoDetailDefaultRouter.swift in Sources */,
				03F85E8B227F6469007EB30D /* MainRouterProtocol.swift in Sources */,
				03F85E8C227F6469007EB30D /* MainPresenterProtocol.swift in Sources */,
				03F85E87227F6469007EB30D /* MainDefaultPresenter.swift in Sources */,
				03F85EB4227F8841007EB30D /* AlbumDetailRouterProtocol.swift in Sources */,
				03F85E95227F7B5A007EB30D /* HttpError.swift in Sources */,
				03F85EB5227F8841007EB30D /* AlbumDetailViewProtocol.swift in Sources */,
				03F85E99227F7FD8007EB30D /* AlbumCardCollectionView.swift in Sources */,
				03F85EB2227F8841007EB30D /* PhotoItem.swift in Sources */,
				03F85EDC227FAD93007EB30D /* PhotoDetailRouterProtocol.swift in Sources */,
				03F85EAE227F8841007EB30D /* AlbumDetailDefaultInteractor.swift in Sources */,
				03F85EAC227F8841007EB30D /* AlbumDetailDefaultRouter.swift in Sources */,
				03F85E55227F636B007EB30D /* AppDelegate.swift in Sources */,
				03F85EB3227F8841007EB30D /* AlbumDetailInteractorProtocol.swift in Sources */,
				03F85EDB227FAD93007EB30D /* PhotoDetailInteractorProtocol.swift in Sources */,
				03F85E81227F6469007EB30D /* MainDefaultInteractor.swift in Sources */,
				03F85E85227F6469007EB30D /* MainDefaultViewController.swift in Sources */,
				03F85EB6227F8841007EB30D /* AlbumDetailPresenterProtocol.swift in Sources */,
				03F85ED7227FAD93007EB30D /* PhotoDetailDefaultPresenter.swift in Sources */,
				03F85E8E227F6685007EB30D /* AlbumItem.swift in Sources */,
				03F85EB0227F8841007EB30D /* AlbumDetailDefaultViewController.swift in Sources */,
				03F85EB8227F9C8F007EB30D /* PhotoCollectionViewCell.swift in Sources */,
				03F85E8A227F6469007EB30D /* MainInteractorProtocol.swift in Sources */,
				03F85EDA227FAD93007EB30D /* PhotoDetailViewProtocol.swift in Sources */,
				03F85ED9227FAD93007EB30D /* PhotoDetailPresenterProtocol.swift in Sources */,
				03F85ED8227FAD93007EB30D /* PhotoDetailDefaultViewController.swift in Sources */,
				03F85E93227F7B5A007EB30D /* HttpResponse.swift in Sources */,
				03F85EAF227F8841007EB30D /* AlbumDetailDefaultPresenter.swift in Sources */,
				03F85E7F227F6469007EB30D /* MainDefaultRouter.swift in Sources */,
				03F85E94227F7B5A007EB30D /* HttpClient.swift in Sources */,
				03F85E89227F6469007EB30D /* MainViewProtocol.swift in Sources */,
			);
			runOnlyForDeploymentPostprocessing = 0;
		};
/* End PBXSourcesBuildPhase section */

/* Begin PBXVariantGroup section */
		03F85E5D227F636D007EB30D /* LaunchScreen.storyboard */ = {
			isa = PBXVariantGroup;
			children = (
				03F85E5E227F636D007EB30D /* Base */,
			);
			name = LaunchScreen.storyboard;
			sourceTree = "<group>";
		};
/* End PBXVariantGroup section */

/* Begin XCBuildConfiguration section */
		03F85E61227F636D007EB30D /* Debug */ = {
			isa = XCBuildConfiguration;
			buildSettings = {
				ALWAYS_SEARCH_USER_PATHS = NO;
				CLANG_ANALYZER_NONNULL = YES;
				CLANG_ANALYZER_NUMBER_OBJECT_CONVERSION = YES_AGGRESSIVE;
				CLANG_CXX_LANGUAGE_STANDARD = "gnu++14";
				CLANG_CXX_LIBRARY = "libc++";
				CLANG_ENABLE_MODULES = YES;
				CLANG_ENABLE_OBJC_ARC = YES;
				CLANG_ENABLE_OBJC_WEAK = YES;
				CLANG_WARN_BLOCK_CAPTURE_AUTORELEASING = YES;
				CLANG_WARN_BOOL_CONVERSION = YES;
				CLANG_WARN_COMMA = YES;
				CLANG_WARN_CONSTANT_CONVERSION = YES;
				CLANG_WARN_DEPRECATED_OBJC_IMPLEMENTATIONS = YES;
				CLANG_WARN_DIRECT_OBJC_ISA_USAGE = YES_ERROR;
				CLANG_WARN_DOCUMENTATION_COMMENTS = YES;
				CLANG_WARN_EMPTY_BODY = YES;
				CLANG_WARN_ENUM_CONVERSION = YES;
				CLANG_WARN_INFINITE_RECURSION = YES;
				CLANG_WARN_INT_CONVERSION = YES;
				CLANG_WARN_NON_LITERAL_NULL_CONVERSION = YES;
				CLANG_WARN_OBJC_IMPLICIT_RETAIN_SELF = YES;
				CLANG_WARN_OBJC_LITERAL_CONVERSION = YES;
				CLANG_WARN_OBJC_ROOT_CLASS = YES_ERROR;
				CLANG_WARN_RANGE_LOOP_ANALYSIS = YES;
				CLANG_WARN_STRICT_PROTOTYPES = YES;
				CLANG_WARN_SUSPICIOUS_MOVE = YES;
				CLANG_WARN_UNGUARDED_AVAILABILITY = YES_AGGRESSIVE;
				CLANG_WARN_UNREACHABLE_CODE = YES;
				CLANG_WARN__DUPLICATE_METHOD_MATCH = YES;
				CODE_SIGN_IDENTITY = "iPhone Developer";
				COPY_PHASE_STRIP = NO;
				DEBUG_INFORMATION_FORMAT = dwarf;
				ENABLE_STRICT_OBJC_MSGSEND = YES;
				ENABLE_TESTABILITY = YES;
				GCC_C_LANGUAGE_STANDARD = gnu11;
				GCC_DYNAMIC_NO_PIC = NO;
				GCC_NO_COMMON_BLOCKS = YES;
				GCC_OPTIMIZATION_LEVEL = 0;
				GCC_PREPROCESSOR_DEFINITIONS = (
					"DEBUG=1",
					"$(inherited)",
				);
				GCC_WARN_64_TO_32_BIT_CONVERSION = YES;
				GCC_WARN_ABOUT_RETURN_TYPE = YES_ERROR;
				GCC_WARN_UNDECLARED_SELECTOR = YES;
				GCC_WARN_UNINITIALIZED_AUTOS = YES_AGGRESSIVE;
				GCC_WARN_UNUSED_FUNCTION = YES;
				GCC_WARN_UNUSED_VARIABLE = YES;
				IPHONEOS_DEPLOYMENT_TARGET = 12.2;
				MTL_ENABLE_DEBUG_INFO = INCLUDE_SOURCE;
				MTL_FAST_MATH = YES;
				ONLY_ACTIVE_ARCH = YES;
				SDKROOT = iphoneos;
				SWIFT_ACTIVE_COMPILATION_CONDITIONS = DEBUG;
				SWIFT_OPTIMIZATION_LEVEL = "-Onone";
			};
			name = Debug;
		};
		03F85E62227F636D007EB30D /* Release */ = {
			isa = XCBuildConfiguration;
			buildSettings = {
				ALWAYS_SEARCH_USER_PATHS = NO;
				CLANG_ANALYZER_NONNULL = YES;
				CLANG_ANALYZER_NUMBER_OBJECT_CONVERSION = YES_AGGRESSIVE;
				CLANG_CXX_LANGUAGE_STANDARD = "gnu++14";
				CLANG_CXX_LIBRARY = "libc++";
				CLANG_ENABLE_MODULES = YES;
				CLANG_ENABLE_OBJC_ARC = YES;
				CLANG_ENABLE_OBJC_WEAK = YES;
				CLANG_WARN_BLOCK_CAPTURE_AUTORELEASING = YES;
				CLANG_WARN_BOOL_CONVERSION = YES;
				CLANG_WARN_COMMA = YES;
				CLANG_WARN_CONSTANT_CONVERSION = YES;
				CLANG_WARN_DEPRECATED_OBJC_IMPLEMENTATIONS = YES;
				CLANG_WARN_DIRECT_OBJC_ISA_USAGE = YES_ERROR;
				CLANG_WARN_DOCUMENTATION_COMMENTS = YES;
				CLANG_WARN_EMPTY_BODY = YES;
				CLANG_WARN_ENUM_CONVERSION = YES;
				CLANG_WARN_INFINITE_RECURSION = YES;
				CLANG_WARN_INT_CONVERSION = YES;
				CLANG_WARN_NON_LITERAL_NULL_CONVERSION = YES;
				CLANG_WARN_OBJC_IMPLICIT_RETAIN_SELF = YES;
				CLANG_WARN_OBJC_LITERAL_CONVERSION = YES;
				CLANG_WARN_OBJC_ROOT_CLASS = YES_ERROR;
				CLANG_WARN_RANGE_LOOP_ANALYSIS = YES;
				CLANG_WARN_STRICT_PROTOTYPES = YES;
				CLANG_WARN_SUSPICIOUS_MOVE = YES;
				CLANG_WARN_UNGUARDED_AVAILABILITY = YES_AGGRESSIVE;
				CLANG_WARN_UNREACHABLE_CODE = YES;
				CLANG_WARN__DUPLICATE_METHOD_MATCH = YES;
				CODE_SIGN_IDENTITY = "iPhone Developer";
				COPY_PHASE_STRIP = NO;
				DEBUG_INFORMATION_FORMAT = "dwarf-with-dsym";
				ENABLE_NS_ASSERTIONS = NO;
				ENABLE_STRICT_OBJC_MSGSEND = YES;
				GCC_C_LANGUAGE_STANDARD = gnu11;
				GCC_NO_COMMON_BLOCKS = YES;
				GCC_WARN_64_TO_32_BIT_CONVERSION = YES;
				GCC_WARN_ABOUT_RETURN_TYPE = YES_ERROR;
				GCC_WARN_UNDECLARED_SELECTOR = YES;
				GCC_WARN_UNINITIALIZED_AUTOS = YES_AGGRESSIVE;
				GCC_WARN_UNUSED_FUNCTION = YES;
				GCC_WARN_UNUSED_VARIABLE = YES;
				IPHONEOS_DEPLOYMENT_TARGET = 12.2;
				MTL_ENABLE_DEBUG_INFO = NO;
				MTL_FAST_MATH = YES;
				SDKROOT = iphoneos;
				SWIFT_COMPILATION_MODE = wholemodule;
				SWIFT_OPTIMIZATION_LEVEL = "-O";
				VALIDATE_PRODUCT = YES;
			};
			name = Release;
		};
		03F85E64227F636D007EB30D /* Debug */ = {
			isa = XCBuildConfiguration;
			baseConfigurationReference = 7BE70601C74595C971C0AA81 /* Pods-iOSAlbumList.debug.xcconfig */;
			buildSettings = {
				ASSETCATALOG_COMPILER_APPICON_NAME = AppIcon;
				CODE_SIGN_STYLE = Automatic;
				DEVELOPMENT_TEAM = LX922T2Y56;
				INFOPLIST_FILE = iOSAlbumList/Info.plist;
				LD_RUNPATH_SEARCH_PATHS = (
					"$(inherited)",
					"@executable_path/Frameworks",
				);
				PRODUCT_BUNDLE_IDENTIFIER = com.davidduarte.iOSAlbumList;
				PRODUCT_NAME = "$(TARGET_NAME)";
				SWIFT_VERSION = 5.0;
				TARGETED_DEVICE_FAMILY = 1;
			};
			name = Debug;
		};
		03F85E65227F636D007EB30D /* Release */ = {
			isa = XCBuildConfiguration;
			baseConfigurationReference = 3FAA655DE362DC6337511742 /* Pods-iOSAlbumList.release.xcconfig */;
			buildSettings = {
				ASSETCATALOG_COMPILER_APPICON_NAME = AppIcon;
				CODE_SIGN_STYLE = Automatic;
				DEVELOPMENT_TEAM = LX922T2Y56;
				INFOPLIST_FILE = iOSAlbumList/Info.plist;
				LD_RUNPATH_SEARCH_PATHS = (
					"$(inherited)",
					"@executable_path/Frameworks",
				);
				PRODUCT_BUNDLE_IDENTIFIER = com.davidduarte.iOSAlbumList;
				PRODUCT_NAME = "$(TARGET_NAME)";
				SWIFT_VERSION = 5.0;
				TARGETED_DEVICE_FAMILY = 1;
			};
			name = Release;
		};
/* End XCBuildConfiguration section */

/* Begin XCConfigurationList section */
		03F85E4C227F636B007EB30D /* Build configuration list for PBXProject "iOSAlbumList" */ = {
			isa = XCConfigurationList;
			buildConfigurations = (
				03F85E61227F636D007EB30D /* Debug */,
				03F85E62227F636D007EB30D /* Release */,
			);
			defaultConfigurationIsVisible = 0;
			defaultConfigurationName = Release;
		};
		03F85E63227F636D007EB30D /* Build configuration list for PBXNativeTarget "iOSAlbumList" */ = {
			isa = XCConfigurationList;
			buildConfigurations = (
				03F85E64227F636D007EB30D /* Debug */,
				03F85E65227F636D007EB30D /* Release */,
			);
			defaultConfigurationIsVisible = 0;
			defaultConfigurationName = Release;
		};
/* End XCConfigurationList section */
	};
	rootObject = 03F85E49227F636B007EB30D /* Project object */;
}
